// !$*UTF8*$!
{
	archiveVersion = 1;
	classes = {
	};
	objectVersion = 56;
	objects = {

/* Begin PBXBuildFile section */
		127DF41D2C502749009C3231 /* PageManager.swift in Sources */ = {isa = PBXBuildFile; fileRef = 127DF41C2C502749009C3231 /* PageManager.swift */; };
		127DF41F2C5028F6009C3231 /* GameScene.swift in Sources */ = {isa = PBXBuildFile; fileRef = 127DF41E2C5028F6009C3231 /* GameScene.swift */; };
		127DF4212C52D6CD009C3231 /* PauseMenuView.swift in Sources */ = {isa = PBXBuildFile; fileRef = 127DF4202C52D6CD009C3231 /* PauseMenuView.swift */; };
		127DF4232C52EA03009C3231 /* ComponentePauseMenu.swift in Sources */ = {isa = PBXBuildFile; fileRef = 127DF4222C52EA03009C3231 /* ComponentePauseMenu.swift */; };
		127DF4262C542A8D009C3231 /* GamePlayFeedbackView.swift in Sources */ = {isa = PBXBuildFile; fileRef = 127DF4252C542A8D009C3231 /* GamePlayFeedbackView.swift */; };
		12B308D32C5ABB040005ADE1 /* Localizable.xcstrings in Resources */ = {isa = PBXBuildFile; fileRef = 12B308D22C5ABB040005ADE1 /* Localizable.xcstrings */; };
		12B308DB2C5AD8B60005ADE1 /* FPSARMini06Tests.swift in Sources */ = {isa = PBXBuildFile; fileRef = 12B308DA2C5AD8B60005ADE1 /* FPSARMini06Tests.swift */; };
		12B308E22C5C23BE0005ADE1 /* GeometryReaderNumbers.swift in Sources */ = {isa = PBXBuildFile; fileRef = 12B308E12C5C23BE0005ADE1 /* GeometryReaderNumbers.swift */; };
		12F2DF912C581C22001C663C /* SettingsView.swift in Sources */ = {isa = PBXBuildFile; fileRef = 12F2DF902C581C22001C663C /* SettingsView.swift */; };
		700CCAE32C655CF900544531 /* UtilsGame.swift in Sources */ = {isa = PBXBuildFile; fileRef = 700CCAE22C655CF900544531 /* UtilsGame.swift */; };
		700CCAE72C66B1F500544531 /* TestUpdateScore.swift in Sources */ = {isa = PBXBuildFile; fileRef = 700CCAE62C66B1F500544531 /* TestUpdateScore.swift */; };
		70AA701E2C5D679A004C306A /* PlayerComponent.swift in Sources */ = {isa = PBXBuildFile; fileRef = 70AA701D2C5D679A004C306A /* PlayerComponent.swift */; };
		70AA70202C5D67BD004C306A /* PlayerSystem.swift in Sources */ = {isa = PBXBuildFile; fileRef = 70AA701F2C5D67BD004C306A /* PlayerSystem.swift */; };
		70D9C7B42C5C032B003DCEA4 /* AttackSystem.swift in Sources */ = {isa = PBXBuildFile; fileRef = 70D9C7B32C5C032B003DCEA4 /* AttackSystem.swift */; };
		70E6A59F2C5ABDF200F7F7F5 /* FrogEntity.swift in Sources */ = {isa = PBXBuildFile; fileRef = 70E6A59E2C5ABDF200F7F7F5 /* FrogEntity.swift */; };
		70E6A5A12C5ABE1200F7F7F5 /* frogDrone.usdz in Resources */ = {isa = PBXBuildFile; fileRef = 70E6A5A02C5ABE1200F7F7F5 /* frogDrone.usdz */; };
		AB364A642C616BA6009E33A1 /* LoadModels.swift in Sources */ = {isa = PBXBuildFile; fileRef = AB364A632C616BA6009E33A1 /* LoadModels.swift */; };
		AB364A662C62A104009E33A1 /* SpawnerEntity.swift in Sources */ = {isa = PBXBuildFile; fileRef = AB364A652C62A104009E33A1 /* SpawnerEntity.swift */; };
		AB3DE5DE2C6689E0004C9EA0 /* SpawnerSystem.swift in Sources */ = {isa = PBXBuildFile; fileRef = AB3DE5DD2C6689E0004C9EA0 /* SpawnerSystem.swift */; };
		AB3DE5E02C668E8B004C9EA0 /* SpawnerComponent.swift in Sources */ = {isa = PBXBuildFile; fileRef = AB3DE5DF2C668E8B004C9EA0 /* SpawnerComponent.swift */; };
		ABEC1B6A2C52D73700AE13EF /* MotionComponent.swift in Sources */ = {isa = PBXBuildFile; fileRef = ABEC1B692C52D73600AE13EF /* MotionComponent.swift */; };
		ABF1DE8C2C5AAEE800272AB4 /* MotionSystem.swift in Sources */ = {isa = PBXBuildFile; fileRef = ABF1DE8B2C5AAEE800272AB4 /* MotionSystem.swift */; };
		ABFA01792C4ED1BB0096BA9F /* GameController.swift in Sources */ = {isa = PBXBuildFile; fileRef = ABFA01782C4ED1BB0096BA9F /* GameController.swift */; };
		B8114BE02C5196A6001940C2 /* CollisionSystem.swift in Sources */ = {isa = PBXBuildFile; fileRef = B8114BDE2C5196A6001940C2 /* CollisionSystem.swift */; };
		B868FA9F2C4EC2F00038ECD9 /* MainScene.swift in Sources */ = {isa = PBXBuildFile; fileRef = B868FA9E2C4EC2F00038ECD9 /* MainScene.swift */; };
		B868FAA32C4EC3420038ECD9 /* InventoryView.swift in Sources */ = {isa = PBXBuildFile; fileRef = B868FAA22C4EC3420038ECD9 /* InventoryView.swift */; };
		B868FAA52C4EC34D0038ECD9 /* InventoryViewModel.swift in Sources */ = {isa = PBXBuildFile; fileRef = B868FAA42C4EC34D0038ECD9 /* InventoryViewModel.swift */; };
		B868FAA72C4EC35B0038ECD9 /* MenuView.swift in Sources */ = {isa = PBXBuildFile; fileRef = B868FAA62C4EC35B0038ECD9 /* MenuView.swift */; };
		B868FAA92C4EC3730038ECD9 /* EnemyEntity.swift in Sources */ = {isa = PBXBuildFile; fileRef = B868FAA82C4EC3730038ECD9 /* EnemyEntity.swift */; };
		B868FAAB2C4EC37B0038ECD9 /* PlayerEntity.swift in Sources */ = {isa = PBXBuildFile; fileRef = B868FAAA2C4EC37B0038ECD9 /* PlayerEntity.swift */; };
		B868FAB52C4EC3AC0038ECD9 /* Navigator.swift in Sources */ = {isa = PBXBuildFile; fileRef = B868FAB42C4EC3AC0038ECD9 /* Navigator.swift */; };
		B868FAB72C4EC3B90038ECD9 /* UserPoints.swift in Sources */ = {isa = PBXBuildFile; fileRef = B868FAB62C4EC3B90038ECD9 /* UserPoints.swift */; };
		B868FAB92C4EC9AC0038ECD9 /* AttackComponent.swift in Sources */ = {isa = PBXBuildFile; fileRef = B868FAB82C4EC9AC0038ECD9 /* AttackComponent.swift */; };
		B885FF652C5424DF00761BDE /* GameCollisionComponent.swift in Sources */ = {isa = PBXBuildFile; fileRef = B885FF642C5424DF00761BDE /* GameCollisionComponent.swift */; };
		B8A120A62C581173003603BC /* HowToPlayView.swift in Sources */ = {isa = PBXBuildFile; fileRef = B8A120A52C581173003603BC /* HowToPlayView.swift */; };
		B8C65F8A2C4AE1E100D56811 /* AppDelegate.swift in Sources */ = {isa = PBXBuildFile; fileRef = B8C65F892C4AE1E100D56811 /* AppDelegate.swift */; };
		B8C65F8C2C4AE1E100D56811 /* ContentView.swift in Sources */ = {isa = PBXBuildFile; fileRef = B8C65F8B2C4AE1E100D56811 /* ContentView.swift */; };
		B8C65F8E2C4AE1E200D56811 /* Assets.xcassets in Resources */ = {isa = PBXBuildFile; fileRef = B8C65F8D2C4AE1E200D56811 /* Assets.xcassets */; };
		B8C65F912C4AE1E200D56811 /* Preview Assets.xcassets in Resources */ = {isa = PBXBuildFile; fileRef = B8C65F902C4AE1E200D56811 /* Preview Assets.xcassets */; };
		B8E381F72C5AB29C0038463C /* BulletEntity.swift in Sources */ = {isa = PBXBuildFile; fileRef = B8E381F62C5AB29C0038463C /* BulletEntity.swift */; };
		B8E381FB2C5ABE1D0038463C /* HealthComponent.swift in Sources */ = {isa = PBXBuildFile; fileRef = B8E381FA2C5ABE1D0038463C /* HealthComponent.swift */; };
		B8E381FD2C5ABE620038463C /* HealthSystem.swift in Sources */ = {isa = PBXBuildFile; fileRef = B8E381FC2C5ABE620038463C /* HealthSystem.swift */; };
/* End PBXBuildFile section */

/* Begin PBXContainerItemProxy section */
		12B308DC2C5AD8B60005ADE1 /* PBXContainerItemProxy */ = {
			isa = PBXContainerItemProxy;
			containerPortal = B8C65F7E2C4AE1E100D56811 /* Project object */;
			proxyType = 1;
			remoteGlobalIDString = B8C65F852C4AE1E100D56811;
			remoteInfo = FPSARMini06;
		};
/* End PBXContainerItemProxy section */

/* Begin PBXFileReference section */
		127DF41C2C502749009C3231 /* PageManager.swift */ = {isa = PBXFileReference; lastKnownFileType = sourcecode.swift; path = PageManager.swift; sourceTree = "<group>"; };
		127DF41E2C5028F6009C3231 /* GameScene.swift */ = {isa = PBXFileReference; lastKnownFileType = sourcecode.swift; path = GameScene.swift; sourceTree = "<group>"; };
		127DF4202C52D6CD009C3231 /* PauseMenuView.swift */ = {isa = PBXFileReference; lastKnownFileType = sourcecode.swift; path = PauseMenuView.swift; sourceTree = "<group>"; };
		127DF4222C52EA03009C3231 /* ComponentePauseMenu.swift */ = {isa = PBXFileReference; lastKnownFileType = sourcecode.swift; path = ComponentePauseMenu.swift; sourceTree = "<group>"; };
		127DF4252C542A8D009C3231 /* GamePlayFeedbackView.swift */ = {isa = PBXFileReference; lastKnownFileType = sourcecode.swift; path = GamePlayFeedbackView.swift; sourceTree = "<group>"; };
		12B308D22C5ABB040005ADE1 /* Localizable.xcstrings */ = {isa = PBXFileReference; lastKnownFileType = text.json.xcstrings; path = Localizable.xcstrings; sourceTree = "<group>"; };
		12B308D82C5AD8B60005ADE1 /* FPSARMini06Tests.xctest */ = {isa = PBXFileReference; explicitFileType = wrapper.cfbundle; includeInIndex = 0; path = FPSARMini06Tests.xctest; sourceTree = BUILT_PRODUCTS_DIR; };
		12B308DA2C5AD8B60005ADE1 /* FPSARMini06Tests.swift */ = {isa = PBXFileReference; lastKnownFileType = sourcecode.swift; path = FPSARMini06Tests.swift; sourceTree = "<group>"; };
		12B308E12C5C23BE0005ADE1 /* GeometryReaderNumbers.swift */ = {isa = PBXFileReference; lastKnownFileType = sourcecode.swift; path = GeometryReaderNumbers.swift; sourceTree = "<group>"; };
		12F2DF902C581C22001C663C /* SettingsView.swift */ = {isa = PBXFileReference; lastKnownFileType = sourcecode.swift; path = SettingsView.swift; sourceTree = "<group>"; };

		700CCAE22C655CF900544531 /* UtilsGame.swift */ = {isa = PBXFileReference; lastKnownFileType = sourcecode.swift; path = UtilsGame.swift; sourceTree = "<group>"; };
		700CCAE62C66B1F500544531 /* TestUpdateScore.swift */ = {isa = PBXFileReference; lastKnownFileType = sourcecode.swift; path = TestUpdateScore.swift; sourceTree = "<group>"; };

		70AA701D2C5D679A004C306A /* PlayerComponent.swift */ = {isa = PBXFileReference; lastKnownFileType = sourcecode.swift; path = PlayerComponent.swift; sourceTree = "<group>"; };
		70AA701F2C5D67BD004C306A /* PlayerSystem.swift */ = {isa = PBXFileReference; lastKnownFileType = sourcecode.swift; path = PlayerSystem.swift; sourceTree = "<group>"; };
		70D9C7B32C5C032B003DCEA4 /* AttackSystem.swift */ = {isa = PBXFileReference; lastKnownFileType = sourcecode.swift; path = AttackSystem.swift; sourceTree = "<group>"; };
		70E6A59E2C5ABDF200F7F7F5 /* FrogEntity.swift */ = {isa = PBXFileReference; lastKnownFileType = sourcecode.swift; path = FrogEntity.swift; sourceTree = "<group>"; };
		70E6A5A02C5ABE1200F7F7F5 /* frogDrone.usdz */ = {isa = PBXFileReference; lastKnownFileType = file.usdz; path = frogDrone.usdz; sourceTree = "<group>"; };
		AB364A632C616BA6009E33A1 /* LoadModels.swift */ = {isa = PBXFileReference; fileEncoding = 4; lastKnownFileType = sourcecode.swift; path = LoadModels.swift; sourceTree = "<group>"; };
		AB364A652C62A104009E33A1 /* SpawnerEntity.swift */ = {isa = PBXFileReference; fileEncoding = 4; lastKnownFileType = sourcecode.swift; path = SpawnerEntity.swift; sourceTree = "<group>"; };
		AB3DE5DD2C6689E0004C9EA0 /* SpawnerSystem.swift */ = {isa = PBXFileReference; lastKnownFileType = sourcecode.swift; path = SpawnerSystem.swift; sourceTree = "<group>"; };
		AB3DE5DF2C668E8B004C9EA0 /* SpawnerComponent.swift */ = {isa = PBXFileReference; lastKnownFileType = sourcecode.swift; path = SpawnerComponent.swift; sourceTree = "<group>"; };
		ABEC1B692C52D73600AE13EF /* MotionComponent.swift */ = {isa = PBXFileReference; fileEncoding = 4; lastKnownFileType = sourcecode.swift; path = MotionComponent.swift; sourceTree = "<group>"; };
		ABF1DE8B2C5AAEE800272AB4 /* MotionSystem.swift */ = {isa = PBXFileReference; fileEncoding = 4; lastKnownFileType = sourcecode.swift; path = MotionSystem.swift; sourceTree = "<group>"; };
		ABFA01782C4ED1BB0096BA9F /* GameController.swift */ = {isa = PBXFileReference; lastKnownFileType = sourcecode.swift; path = GameController.swift; sourceTree = "<group>"; };
		B8114BDE2C5196A6001940C2 /* CollisionSystem.swift */ = {isa = PBXFileReference; fileEncoding = 4; lastKnownFileType = sourcecode.swift; path = CollisionSystem.swift; sourceTree = "<group>"; };
		B868FA9E2C4EC2F00038ECD9 /* MainScene.swift */ = {isa = PBXFileReference; lastKnownFileType = sourcecode.swift; path = MainScene.swift; sourceTree = "<group>"; };
		B868FAA22C4EC3420038ECD9 /* InventoryView.swift */ = {isa = PBXFileReference; lastKnownFileType = sourcecode.swift; path = InventoryView.swift; sourceTree = "<group>"; };
		B868FAA42C4EC34D0038ECD9 /* InventoryViewModel.swift */ = {isa = PBXFileReference; lastKnownFileType = sourcecode.swift; path = InventoryViewModel.swift; sourceTree = "<group>"; };
		B868FAA62C4EC35B0038ECD9 /* MenuView.swift */ = {isa = PBXFileReference; lastKnownFileType = sourcecode.swift; path = MenuView.swift; sourceTree = "<group>"; };
		B868FAA82C4EC3730038ECD9 /* EnemyEntity.swift */ = {isa = PBXFileReference; lastKnownFileType = sourcecode.swift; path = EnemyEntity.swift; sourceTree = "<group>"; };
		B868FAAA2C4EC37B0038ECD9 /* PlayerEntity.swift */ = {isa = PBXFileReference; lastKnownFileType = sourcecode.swift; path = PlayerEntity.swift; sourceTree = "<group>"; };
		B868FAB42C4EC3AC0038ECD9 /* Navigator.swift */ = {isa = PBXFileReference; lastKnownFileType = sourcecode.swift; path = Navigator.swift; sourceTree = "<group>"; };
		B868FAB62C4EC3B90038ECD9 /* UserPoints.swift */ = {isa = PBXFileReference; lastKnownFileType = sourcecode.swift; path = UserPoints.swift; sourceTree = "<group>"; };
		B868FAB82C4EC9AC0038ECD9 /* AttackComponent.swift */ = {isa = PBXFileReference; lastKnownFileType = sourcecode.swift; path = AttackComponent.swift; sourceTree = "<group>"; };
		B885FF642C5424DF00761BDE /* GameCollisionComponent.swift */ = {isa = PBXFileReference; lastKnownFileType = sourcecode.swift; path = GameCollisionComponent.swift; sourceTree = "<group>"; };
		B8A120A52C581173003603BC /* HowToPlayView.swift */ = {isa = PBXFileReference; lastKnownFileType = sourcecode.swift; path = HowToPlayView.swift; sourceTree = "<group>"; };
		B8C65F862C4AE1E100D56811 /* FPSARMini06.app */ = {isa = PBXFileReference; explicitFileType = wrapper.application; includeInIndex = 0; path = FPSARMini06.app; sourceTree = BUILT_PRODUCTS_DIR; };
		B8C65F892C4AE1E100D56811 /* AppDelegate.swift */ = {isa = PBXFileReference; lastKnownFileType = sourcecode.swift; path = AppDelegate.swift; sourceTree = "<group>"; };
		B8C65F8B2C4AE1E100D56811 /* ContentView.swift */ = {isa = PBXFileReference; lastKnownFileType = sourcecode.swift; path = ContentView.swift; sourceTree = "<group>"; };
		B8C65F8D2C4AE1E200D56811 /* Assets.xcassets */ = {isa = PBXFileReference; lastKnownFileType = folder.assetcatalog; path = Assets.xcassets; sourceTree = "<group>"; };
		B8C65F902C4AE1E200D56811 /* Preview Assets.xcassets */ = {isa = PBXFileReference; lastKnownFileType = folder.assetcatalog; path = "Preview Assets.xcassets"; sourceTree = "<group>"; };
		B8E381F62C5AB29C0038463C /* BulletEntity.swift */ = {isa = PBXFileReference; fileEncoding = 4; lastKnownFileType = sourcecode.swift; path = BulletEntity.swift; sourceTree = "<group>"; };
		B8E381FA2C5ABE1D0038463C /* HealthComponent.swift */ = {isa = PBXFileReference; lastKnownFileType = sourcecode.swift; path = HealthComponent.swift; sourceTree = "<group>"; };
		B8E381FC2C5ABE620038463C /* HealthSystem.swift */ = {isa = PBXFileReference; lastKnownFileType = sourcecode.swift; path = HealthSystem.swift; sourceTree = "<group>"; };
/* End PBXFileReference section */

/* Begin PBXFrameworksBuildPhase section */
		12B308D52C5AD8B60005ADE1 /* Frameworks */ = {
			isa = PBXFrameworksBuildPhase;
			buildActionMask = 2147483647;
			files = (
			);
			runOnlyForDeploymentPostprocessing = 0;
		};
		B8C65F832C4AE1E100D56811 /* Frameworks */ = {
			isa = PBXFrameworksBuildPhase;
			buildActionMask = 2147483647;
			files = (
			);
			runOnlyForDeploymentPostprocessing = 0;
		};
/* End PBXFrameworksBuildPhase section */

/* Begin PBXGroup section */
		127DF4242C52EA08009C3231 /* Utils */ = {
			isa = PBXGroup;
			children = (
				70E6A5A02C5ABE1200F7F7F5 /* frogDrone.usdz */,
				127DF4222C52EA03009C3231 /* ComponentePauseMenu.swift */,
				12B308E12C5C23BE0005ADE1 /* GeometryReaderNumbers.swift */,
				AB364A632C616BA6009E33A1 /* LoadModels.swift */,
			);
			name = Utils;
			path = ..;
			sourceTree = "<group>";
		};
		12B308D92C5AD8B60005ADE1 /* FPSARMini06Tests */ = {
			isa = PBXGroup;
			children = (
				12B308DA2C5AD8B60005ADE1 /* FPSARMini06Tests.swift */,
				700CCAE62C66B1F500544531 /* TestUpdateScore.swift */,
			);
			path = FPSARMini06Tests;
			sourceTree = "<group>";
		};
		B8114BDF2C5196A6001940C2 /* System */ = {
			isa = PBXGroup;
			children = (
				ABF1DE8B2C5AAEE800272AB4 /* MotionSystem.swift */,
				B8E381FC2C5ABE620038463C /* HealthSystem.swift */,
				B8114BDE2C5196A6001940C2 /* CollisionSystem.swift */,
				70D9C7B32C5C032B003DCEA4 /* AttackSystem.swift */,
				70AA701F2C5D67BD004C306A /* PlayerSystem.swift */,
				AB3DE5DD2C6689E0004C9EA0 /* SpawnerSystem.swift */,
			);
			path = System;
			sourceTree = "<group>";
		};
		B868FA972C4EC2A00038ECD9 /* GameSystem */ = {
			isa = PBXGroup;
			children = (
				B868FA9C2C4EC2E30038ECD9 /* Components */,
				B868FA9B2C4EC2DC0038ECD9 /* Entities */,
				B8114BDF2C5196A6001940C2 /* System */,
				B868FA9E2C4EC2F00038ECD9 /* MainScene.swift */,
			);
			path = GameSystem;
			sourceTree = "<group>";
		};
		B868FA982C4EC2B10038ECD9 /* Views */ = {
			isa = PBXGroup;
			children = (
				B868FAA12C4EC3210038ECD9 /* Inventory */,
				B868FAA02C4EC31C0038ECD9 /* Menu */,
				B8A120A72C58117D003603BC /* HowToPlay */,
			);
			path = Views;
			sourceTree = "<group>";
		};
		B868FA992C4EC2B70038ECD9 /* NavigationController */ = {
			isa = PBXGroup;
			children = (
				B868FAB42C4EC3AC0038ECD9 /* Navigator.swift */,
				127DF41C2C502749009C3231 /* PageManager.swift */,
			);
			path = NavigationController;
			sourceTree = "<group>";
		};
		B868FA9A2C4EC2CB0038ECD9 /* Model */ = {
			isa = PBXGroup;
			children = (
				B868FAB62C4EC3B90038ECD9 /* UserPoints.swift */,
			);
			path = Model;
			sourceTree = "<group>";
		};
		B868FA9B2C4EC2DC0038ECD9 /* Entities */ = {
			isa = PBXGroup;
			children = (
				AB364A652C62A104009E33A1 /* SpawnerEntity.swift */,
				B8E381F62C5AB29C0038463C /* BulletEntity.swift */,
				B868FAA82C4EC3730038ECD9 /* EnemyEntity.swift */,
				B868FAAA2C4EC37B0038ECD9 /* PlayerEntity.swift */,
				70E6A59E2C5ABDF200F7F7F5 /* FrogEntity.swift */,
			);
			path = Entities;
			sourceTree = "<group>";
		};
		B868FA9C2C4EC2E30038ECD9 /* Components */ = {
			isa = PBXGroup;
			children = (
				ABEC1B692C52D73600AE13EF /* MotionComponent.swift */,
				B868FAB82C4EC9AC0038ECD9 /* AttackComponent.swift */,
				B885FF642C5424DF00761BDE /* GameCollisionComponent.swift */,
				B8E381FA2C5ABE1D0038463C /* HealthComponent.swift */,
				70AA701D2C5D679A004C306A /* PlayerComponent.swift */,
				AB3DE5DF2C668E8B004C9EA0 /* SpawnerComponent.swift */,
			);
			path = Components;
			sourceTree = "<group>";
		};
		B868FAA02C4EC31C0038ECD9 /* Menu */ = {
			isa = PBXGroup;
			children = (
				127DF41E2C5028F6009C3231 /* GameScene.swift */,
				B868FAA62C4EC35B0038ECD9 /* MenuView.swift */,
				127DF4202C52D6CD009C3231 /* PauseMenuView.swift */,
				127DF4252C542A8D009C3231 /* GamePlayFeedbackView.swift */,
				12F2DF902C581C22001C663C /* SettingsView.swift */,
			);
			path = Menu;
			sourceTree = "<group>";
		};
		B868FAA12C4EC3210038ECD9 /* Inventory */ = {
			isa = PBXGroup;
			children = (
				B868FAA22C4EC3420038ECD9 /* InventoryView.swift */,
				B868FAA42C4EC34D0038ECD9 /* InventoryViewModel.swift */,
			);
			path = Inventory;
			sourceTree = "<group>";
		};
		B8A120A72C58117D003603BC /* HowToPlay */ = {
			isa = PBXGroup;
			children = (
				B8A120A52C581173003603BC /* HowToPlayView.swift */,
			);
			path = HowToPlay;
			sourceTree = "<group>";
		};
		B8C65F7D2C4AE1E100D56811 = {
			isa = PBXGroup;
			children = (
				12B308D22C5ABB040005ADE1 /* Localizable.xcstrings */,
				B8C65F882C4AE1E100D56811 /* FPSARMini06 */,
				12B308D92C5AD8B60005ADE1 /* FPSARMini06Tests */,
				B8C65F872C4AE1E100D56811 /* Products */,
			);
			sourceTree = "<group>";
		};
		B8C65F872C4AE1E100D56811 /* Products */ = {
			isa = PBXGroup;
			children = (
				B8C65F862C4AE1E100D56811 /* FPSARMini06.app */,
				12B308D82C5AD8B60005ADE1 /* FPSARMini06Tests.xctest */,
			);
			name = Products;
			sourceTree = "<group>";
		};
		B8C65F882C4AE1E100D56811 /* FPSARMini06 */ = {
			isa = PBXGroup;
			children = (
				4C4923C12C66BA83004A68C7 /* Info.plist */,
				B868FA9A2C4EC2CB0038ECD9 /* Model */,
				B868FA992C4EC2B70038ECD9 /* NavigationController */,
				B868FA982C4EC2B10038ECD9 /* Views */,
				B868FA972C4EC2A00038ECD9 /* GameSystem */,
				B8C65F892C4AE1E100D56811 /* AppDelegate.swift */,
				700CCAE22C655CF900544531 /* UtilsGame.swift */,
				B8C65F8B2C4AE1E100D56811 /* ContentView.swift */,
				ABFA01782C4ED1BB0096BA9F /* GameController.swift */,
				127DF4242C52EA08009C3231 /* Utils */,
				B8C65F8D2C4AE1E200D56811 /* Assets.xcassets */,
				B8C65F8F2C4AE1E200D56811 /* Preview Content */,
			);
			path = FPSARMini06;
			sourceTree = "<group>";
		};
		B8C65F8F2C4AE1E200D56811 /* Preview Content */ = {
			isa = PBXGroup;
			children = (
				B8C65F902C4AE1E200D56811 /* Preview Assets.xcassets */,
			);
			path = "Preview Content";
			sourceTree = "<group>";
		};
/* End PBXGroup section */

/* Begin PBXNativeTarget section */
		12B308D72C5AD8B60005ADE1 /* FPSARMini06Tests */ = {
			isa = PBXNativeTarget;
			buildConfigurationList = 12B308DE2C5AD8B60005ADE1 /* Build configuration list for PBXNativeTarget "FPSARMini06Tests" */;
			buildPhases = (
				12B308D42C5AD8B60005ADE1 /* Sources */,
				12B308D52C5AD8B60005ADE1 /* Frameworks */,
				12B308D62C5AD8B60005ADE1 /* Resources */,
			);
			buildRules = (
			);
			dependencies = (
				12B308DD2C5AD8B60005ADE1 /* PBXTargetDependency */,
			);
			name = FPSARMini06Tests;
			productName = FPSARMini06Tests;
			productReference = 12B308D82C5AD8B60005ADE1 /* FPSARMini06Tests.xctest */;
			productType = "com.apple.product-type.bundle.unit-test";
		};
		B8C65F852C4AE1E100D56811 /* FPSARMini06 */ = {
			isa = PBXNativeTarget;
			buildConfigurationList = B8C65F942C4AE1E200D56811 /* Build configuration list for PBXNativeTarget "FPSARMini06" */;
			buildPhases = (
				B8C65F822C4AE1E100D56811 /* Sources */,
				B8C65F832C4AE1E100D56811 /* Frameworks */,
				B8C65F842C4AE1E100D56811 /* Resources */,
			);
			buildRules = (
			);
			dependencies = (
			);
			name = FPSARMini06;
			productName = FPSARMini06;
			productReference = B8C65F862C4AE1E100D56811 /* FPSARMini06.app */;
			productType = "com.apple.product-type.application";
		};
/* End PBXNativeTarget section */

/* Begin PBXProject section */
		B8C65F7E2C4AE1E100D56811 /* Project object */ = {
			isa = PBXProject;
			attributes = {
				BuildIndependentTargetsInParallel = 1;
				LastSwiftUpdateCheck = 1540;
				LastUpgradeCheck = 1540;
				TargetAttributes = {
					12B308D72C5AD8B60005ADE1 = {
						CreatedOnToolsVersion = 15.4;
						TestTargetID = B8C65F852C4AE1E100D56811;
					};
					B8C65F852C4AE1E100D56811 = {
						CreatedOnToolsVersion = 15.4;
					};
				};
			};
			buildConfigurationList = B8C65F812C4AE1E100D56811 /* Build configuration list for PBXProject "FPSARMini06" */;
			compatibilityVersion = "Xcode 14.0";
			developmentRegion = en;
			hasScannedForEncodings = 0;
			knownRegions = (
				en,
				Base,
				"pt-BR",
			);
			mainGroup = B8C65F7D2C4AE1E100D56811;
			productRefGroup = B8C65F872C4AE1E100D56811 /* Products */;
			projectDirPath = "";
			projectRoot = "";
			targets = (
				B8C65F852C4AE1E100D56811 /* FPSARMini06 */,
				12B308D72C5AD8B60005ADE1 /* FPSARMini06Tests */,
			);
		};
/* End PBXProject section */

/* Begin PBXResourcesBuildPhase section */
		12B308D62C5AD8B60005ADE1 /* Resources */ = {
			isa = PBXResourcesBuildPhase;
			buildActionMask = 2147483647;
			files = (
			);
			runOnlyForDeploymentPostprocessing = 0;
		};
		B8C65F842C4AE1E100D56811 /* Resources */ = {
			isa = PBXResourcesBuildPhase;
			buildActionMask = 2147483647;
			files = (
				70E6A5A12C5ABE1200F7F7F5 /* frogDrone.usdz in Resources */,
				B8C65F912C4AE1E200D56811 /* Preview Assets.xcassets in Resources */,
				B8C65F8E2C4AE1E200D56811 /* Assets.xcassets in Resources */,
				12B308D32C5ABB040005ADE1 /* Localizable.xcstrings in Resources */,
			);
			runOnlyForDeploymentPostprocessing = 0;
		};
/* End PBXResourcesBuildPhase section */

/* Begin PBXSourcesBuildPhase section */
		12B308D42C5AD8B60005ADE1 /* Sources */ = {
			isa = PBXSourcesBuildPhase;
			buildActionMask = 2147483647;
			files = (
				12B308DB2C5AD8B60005ADE1 /* FPSARMini06Tests.swift in Sources */,
				700CCAE72C66B1F500544531 /* TestUpdateScore.swift in Sources */,
			);
			runOnlyForDeploymentPostprocessing = 0;
		};
		B8C65F822C4AE1E100D56811 /* Sources */ = {
			isa = PBXSourcesBuildPhase;
			buildActionMask = 2147483647;
			files = (
				B8E381FB2C5ABE1D0038463C /* HealthComponent.swift in Sources */,
				B868FAA52C4EC34D0038ECD9 /* InventoryViewModel.swift in Sources */,
				ABEC1B6A2C52D73700AE13EF /* MotionComponent.swift in Sources */,
				B8E381F72C5AB29C0038463C /* BulletEntity.swift in Sources */,
				B8E381FD2C5ABE620038463C /* HealthSystem.swift in Sources */,
				B868FAA72C4EC35B0038ECD9 /* MenuView.swift in Sources */,
				AB3DE5E02C668E8B004C9EA0 /* SpawnerComponent.swift in Sources */,
				B8114BE02C5196A6001940C2 /* CollisionSystem.swift in Sources */,
				B868FAB52C4EC3AC0038ECD9 /* Navigator.swift in Sources */,
				127DF4212C52D6CD009C3231 /* PauseMenuView.swift in Sources */,
				127DF41D2C502749009C3231 /* PageManager.swift in Sources */,
				700CCAE32C655CF900544531 /* UtilsGame.swift in Sources */,
				B8C65F8C2C4AE1E100D56811 /* ContentView.swift in Sources */,
				B885FF652C5424DF00761BDE /* GameCollisionComponent.swift in Sources */,
				70E6A59F2C5ABDF200F7F7F5 /* FrogEntity.swift in Sources */,
				12F2DF912C581C22001C663C /* SettingsView.swift in Sources */,
				B868FAB72C4EC3B90038ECD9 /* UserPoints.swift in Sources */,
				AB3DE5DE2C6689E0004C9EA0 /* SpawnerSystem.swift in Sources */,
				AB364A642C616BA6009E33A1 /* LoadModels.swift in Sources */,
				127DF4262C542A8D009C3231 /* GamePlayFeedbackView.swift in Sources */,
				B868FAA92C4EC3730038ECD9 /* EnemyEntity.swift in Sources */,
				B8A120A62C581173003603BC /* HowToPlayView.swift in Sources */,
				70AA701E2C5D679A004C306A /* PlayerComponent.swift in Sources */,
				127DF4232C52EA03009C3231 /* ComponentePauseMenu.swift in Sources */,
				B868FA9F2C4EC2F00038ECD9 /* MainScene.swift in Sources */,
				70AA70202C5D67BD004C306A /* PlayerSystem.swift in Sources */,
				AB364A662C62A104009E33A1 /* SpawnerEntity.swift in Sources */,
				127DF41F2C5028F6009C3231 /* GameScene.swift in Sources */,
				12B308E22C5C23BE0005ADE1 /* GeometryReaderNumbers.swift in Sources */,
				B8C65F8A2C4AE1E100D56811 /* AppDelegate.swift in Sources */,
				B868FAA32C4EC3420038ECD9 /* InventoryView.swift in Sources */,
				ABF1DE8C2C5AAEE800272AB4 /* MotionSystem.swift in Sources */,
				B868FAAB2C4EC37B0038ECD9 /* PlayerEntity.swift in Sources */,
				B868FAB92C4EC9AC0038ECD9 /* AttackComponent.swift in Sources */,
				70D9C7B42C5C032B003DCEA4 /* AttackSystem.swift in Sources */,
				ABFA01792C4ED1BB0096BA9F /* GameController.swift in Sources */,
			);
			runOnlyForDeploymentPostprocessing = 0;
		};
/* End PBXSourcesBuildPhase section */

/* Begin PBXTargetDependency section */
		12B308DD2C5AD8B60005ADE1 /* PBXTargetDependency */ = {
			isa = PBXTargetDependency;
			target = B8C65F852C4AE1E100D56811 /* FPSARMini06 */;
			targetProxy = 12B308DC2C5AD8B60005ADE1 /* PBXContainerItemProxy */;
		};
/* End PBXTargetDependency section */

/* Begin XCBuildConfiguration section */
		12B308DF2C5AD8B60005ADE1 /* Debug */ = {
			isa = XCBuildConfiguration;
			buildSettings = {
				BUNDLE_LOADER = "$(TEST_HOST)";
				CODE_SIGN_STYLE = Automatic;
				CURRENT_PROJECT_VERSION = 1;
				DEVELOPMENT_TEAM = CU2V2363W7;
				GENERATE_INFOPLIST_FILE = YES;
				MARKETING_VERSION = 1.0;
				PRODUCT_BUNDLE_IDENTIFIER = com.LeticiaMalagutti.FPSARMini06Tests;
				PRODUCT_NAME = "$(TARGET_NAME)";
				SWIFT_EMIT_LOC_STRINGS = NO;
				SWIFT_VERSION = 5.0;
				TARGETED_DEVICE_FAMILY = "1,2";
				TEST_HOST = "$(BUILT_PRODUCTS_DIR)/FPSARMini06.app/$(BUNDLE_EXECUTABLE_FOLDER_PATH)/FPSARMini06";
			};
			name = Debug;
		};
		12B308E02C5AD8B60005ADE1 /* Release */ = {
			isa = XCBuildConfiguration;
			buildSettings = {
				BUNDLE_LOADER = "$(TEST_HOST)";
				CODE_SIGN_STYLE = Automatic;
				CURRENT_PROJECT_VERSION = 1;
				DEVELOPMENT_TEAM = CU2V2363W7;
				GENERATE_INFOPLIST_FILE = YES;
				MARKETING_VERSION = 1.0;
				PRODUCT_BUNDLE_IDENTIFIER = com.LeticiaMalagutti.FPSARMini06Tests;
				PRODUCT_NAME = "$(TARGET_NAME)";
				SWIFT_EMIT_LOC_STRINGS = NO;
				SWIFT_VERSION = 5.0;
				TARGETED_DEVICE_FAMILY = "1,2";
				TEST_HOST = "$(BUILT_PRODUCTS_DIR)/FPSARMini06.app/$(BUNDLE_EXECUTABLE_FOLDER_PATH)/FPSARMini06";
			};
			name = Release;
		};
		B8C65F922C4AE1E200D56811 /* Debug */ = {
			isa = XCBuildConfiguration;
			buildSettings = {
				ALWAYS_SEARCH_USER_PATHS = NO;
				ASSETCATALOG_COMPILER_GENERATE_SWIFT_ASSET_SYMBOL_EXTENSIONS = YES;
				CLANG_ANALYZER_NONNULL = YES;
				CLANG_ANALYZER_NUMBER_OBJECT_CONVERSION = YES_AGGRESSIVE;
				CLANG_CXX_LANGUAGE_STANDARD = "gnu++20";
				CLANG_ENABLE_MODULES = YES;
				CLANG_ENABLE_OBJC_ARC = YES;
				CLANG_ENABLE_OBJC_WEAK = YES;
				CLANG_WARN_BLOCK_CAPTURE_AUTORELEASING = YES;
				CLANG_WARN_BOOL_CONVERSION = YES;
				CLANG_WARN_COMMA = YES;
				CLANG_WARN_CONSTANT_CONVERSION = YES;
				CLANG_WARN_DEPRECATED_OBJC_IMPLEMENTATIONS = YES;
				CLANG_WARN_DIRECT_OBJC_ISA_USAGE = YES_ERROR;
				CLANG_WARN_DOCUMENTATION_COMMENTS = YES;
				CLANG_WARN_EMPTY_BODY = YES;
				CLANG_WARN_ENUM_CONVERSION = YES;
				CLANG_WARN_INFINITE_RECURSION = YES;
				CLANG_WARN_INT_CONVERSION = YES;
				CLANG_WARN_NON_LITERAL_NULL_CONVERSION = YES;
				CLANG_WARN_OBJC_IMPLICIT_RETAIN_SELF = YES;
				CLANG_WARN_OBJC_LITERAL_CONVERSION = YES;
				CLANG_WARN_OBJC_ROOT_CLASS = YES_ERROR;
				CLANG_WARN_QUOTED_INCLUDE_IN_FRAMEWORK_HEADER = YES;
				CLANG_WARN_RANGE_LOOP_ANALYSIS = YES;
				CLANG_WARN_STRICT_PROTOTYPES = YES;
				CLANG_WARN_SUSPICIOUS_MOVE = YES;
				CLANG_WARN_UNGUARDED_AVAILABILITY = YES_AGGRESSIVE;
				CLANG_WARN_UNREACHABLE_CODE = YES;
				CLANG_WARN__DUPLICATE_METHOD_MATCH = YES;
				COPY_PHASE_STRIP = NO;
				DEBUG_INFORMATION_FORMAT = dwarf;
				ENABLE_STRICT_OBJC_MSGSEND = YES;
				ENABLE_TESTABILITY = YES;
				ENABLE_USER_SCRIPT_SANDBOXING = YES;
				GCC_C_LANGUAGE_STANDARD = gnu17;
				GCC_DYNAMIC_NO_PIC = NO;
				GCC_NO_COMMON_BLOCKS = YES;
				GCC_OPTIMIZATION_LEVEL = 0;
				GCC_PREPROCESSOR_DEFINITIONS = (
					"DEBUG=1",
					"$(inherited)",
				);
				GCC_WARN_64_TO_32_BIT_CONVERSION = YES;
				GCC_WARN_ABOUT_RETURN_TYPE = YES_ERROR;
				GCC_WARN_UNDECLARED_SELECTOR = YES;
				GCC_WARN_UNINITIALIZED_AUTOS = YES_AGGRESSIVE;
				GCC_WARN_UNUSED_FUNCTION = YES;
				GCC_WARN_UNUSED_VARIABLE = YES;
				IPHONEOS_DEPLOYMENT_TARGET = 17.5;
				LOCALIZATION_PREFERS_STRING_CATALOGS = YES;
				MTL_ENABLE_DEBUG_INFO = INCLUDE_SOURCE;
				MTL_FAST_MATH = YES;
				ONLY_ACTIVE_ARCH = YES;
				SDKROOT = iphoneos;
				SWIFT_ACTIVE_COMPILATION_CONDITIONS = "DEBUG $(inherited)";
				SWIFT_OPTIMIZATION_LEVEL = "-Onone";
			};
			name = Debug;
		};
		B8C65F932C4AE1E200D56811 /* Release */ = {
			isa = XCBuildConfiguration;
			buildSettings = {
				ALWAYS_SEARCH_USER_PATHS = NO;
				ASSETCATALOG_COMPILER_GENERATE_SWIFT_ASSET_SYMBOL_EXTENSIONS = YES;
				CLANG_ANALYZER_NONNULL = YES;
				CLANG_ANALYZER_NUMBER_OBJECT_CONVERSION = YES_AGGRESSIVE;
				CLANG_CXX_LANGUAGE_STANDARD = "gnu++20";
				CLANG_ENABLE_MODULES = YES;
				CLANG_ENABLE_OBJC_ARC = YES;
				CLANG_ENABLE_OBJC_WEAK = YES;
				CLANG_WARN_BLOCK_CAPTURE_AUTORELEASING = YES;
				CLANG_WARN_BOOL_CONVERSION = YES;
				CLANG_WARN_COMMA = YES;
				CLANG_WARN_CONSTANT_CONVERSION = YES;
				CLANG_WARN_DEPRECATED_OBJC_IMPLEMENTATIONS = YES;
				CLANG_WARN_DIRECT_OBJC_ISA_USAGE = YES_ERROR;
				CLANG_WARN_DOCUMENTATION_COMMENTS = YES;
				CLANG_WARN_EMPTY_BODY = YES;
				CLANG_WARN_ENUM_CONVERSION = YES;
				CLANG_WARN_INFINITE_RECURSION = YES;
				CLANG_WARN_INT_CONVERSION = YES;
				CLANG_WARN_NON_LITERAL_NULL_CONVERSION = YES;
				CLANG_WARN_OBJC_IMPLICIT_RETAIN_SELF = YES;
				CLANG_WARN_OBJC_LITERAL_CONVERSION = YES;
				CLANG_WARN_OBJC_ROOT_CLASS = YES_ERROR;
				CLANG_WARN_QUOTED_INCLUDE_IN_FRAMEWORK_HEADER = YES;
				CLANG_WARN_RANGE_LOOP_ANALYSIS = YES;
				CLANG_WARN_STRICT_PROTOTYPES = YES;
				CLANG_WARN_SUSPICIOUS_MOVE = YES;
				CLANG_WARN_UNGUARDED_AVAILABILITY = YES_AGGRESSIVE;
				CLANG_WARN_UNREACHABLE_CODE = YES;
				CLANG_WARN__DUPLICATE_METHOD_MATCH = YES;
				COPY_PHASE_STRIP = NO;
				DEBUG_INFORMATION_FORMAT = "dwarf-with-dsym";
				ENABLE_NS_ASSERTIONS = NO;
				ENABLE_STRICT_OBJC_MSGSEND = YES;
				ENABLE_USER_SCRIPT_SANDBOXING = YES;
				GCC_C_LANGUAGE_STANDARD = gnu17;
				GCC_NO_COMMON_BLOCKS = YES;
				GCC_WARN_64_TO_32_BIT_CONVERSION = YES;
				GCC_WARN_ABOUT_RETURN_TYPE = YES_ERROR;
				GCC_WARN_UNDECLARED_SELECTOR = YES;
				GCC_WARN_UNINITIALIZED_AUTOS = YES_AGGRESSIVE;
				GCC_WARN_UNUSED_FUNCTION = YES;
				GCC_WARN_UNUSED_VARIABLE = YES;
				IPHONEOS_DEPLOYMENT_TARGET = 17.5;
				LOCALIZATION_PREFERS_STRING_CATALOGS = YES;
				MTL_ENABLE_DEBUG_INFO = NO;
				MTL_FAST_MATH = YES;
				SDKROOT = iphoneos;
				SWIFT_COMPILATION_MODE = wholemodule;
				VALIDATE_PRODUCT = YES;
			};
			name = Release;
		};
		B8C65F952C4AE1E200D56811 /* Debug */ = {
			isa = XCBuildConfiguration;
			buildSettings = {
				ASSETCATALOG_COMPILER_APPICON_NAME = AppIcon;
				ASSETCATALOG_COMPILER_GLOBAL_ACCENT_COLOR_NAME = AccentColor;
				CODE_SIGN_STYLE = Automatic;
				CURRENT_PROJECT_VERSION = 1;
				DEVELOPMENT_ASSET_PATHS = "\"FPSARMini06/Preview Content\"";

				DEVELOPMENT_TEAM = CU2V2363W7;


				ENABLE_PREVIEWS = YES;
				GENERATE_INFOPLIST_FILE = YES;
				INFOPLIST_FILE = FPSARMini06/Info.plist;
				INFOPLIST_KEY_CFBundleDisplayName = "Legends Of Akãnã";
				INFOPLIST_KEY_LSApplicationCategoryType = "public.app-category.action-games";
				INFOPLIST_KEY_NSCameraUsageDescription = "Camera access is required to use Augmented Reality (AR) and add virtual objects to the environment.\nCamera access is required to use Augmented Reality (AR) and add virtual objects to the environment.\nCamera access is required to use Augmented Reality (AR) and add virtual objects to the environment.\nCamera access is required to use Augmented Reality (AR) and add virtual objects to the environment.\nCamera access is required to use Augmented Reality (AR) and add virtual objects to the environment.";
				INFOPLIST_KEY_UIApplicationSupportsIndirectInputEvents = YES;
				INFOPLIST_KEY_UILaunchScreen_Generation = YES;
				INFOPLIST_KEY_UIRequiresFullScreen = YES;
				INFOPLIST_KEY_UIStatusBarHidden = YES;
				INFOPLIST_KEY_UIStatusBarStyle = "";
				INFOPLIST_KEY_UISupportedInterfaceOrientations_iPad = UIInterfaceOrientationPortrait;
				INFOPLIST_KEY_UISupportedInterfaceOrientations_iPhone = UIInterfaceOrientationPortrait;
				LD_RUNPATH_SEARCH_PATHS = (
					"$(inherited)",
					"@executable_path/Frameworks",
				);
				MARKETING_VERSION = 1.0;
				PRODUCT_BUNDLE_IDENTIFIER = Giovanni.FPSARMini06;
				PRODUCT_NAME = "$(TARGET_NAME)";
				SUPPORTED_PLATFORMS = "iphoneos iphonesimulator";
				SUPPORTS_MACCATALYST = NO;
				SUPPORTS_MAC_DESIGNED_FOR_IPHONE_IPAD = NO;
				SUPPORTS_XR_DESIGNED_FOR_IPHONE_IPAD = NO;
				SWIFT_EMIT_LOC_STRINGS = YES;
				SWIFT_VERSION = 5.0;
				TARGETED_DEVICE_FAMILY = "1,2";
			};
			name = Debug;
		};
		B8C65F962C4AE1E200D56811 /* Release */ = {
			isa = XCBuildConfiguration;
			buildSettings = {
				ASSETCATALOG_COMPILER_APPICON_NAME = AppIcon;
				ASSETCATALOG_COMPILER_GLOBAL_ACCENT_COLOR_NAME = AccentColor;
				CODE_SIGN_STYLE = Automatic;
				CURRENT_PROJECT_VERSION = 1;
				DEVELOPMENT_ASSET_PATHS = "\"FPSARMini06/Preview Content\"";

				DEVELOPMENT_TEAM = CU2V2363W7;

				ENABLE_PREVIEWS = YES;
				GENERATE_INFOPLIST_FILE = YES;
				INFOPLIST_FILE = FPSARMini06/Info.plist;
				INFOPLIST_KEY_CFBundleDisplayName = "Legends Of Akãnã";
				INFOPLIST_KEY_LSApplicationCategoryType = "public.app-category.action-games";
				INFOPLIST_KEY_NSCameraUsageDescription = "Camera access is required to use Augmented Reality (AR) and add virtual objects to the environment.\nCamera access is required to use Augmented Reality (AR) and add virtual objects to the environment.\nCamera access is required to use Augmented Reality (AR) and add virtual objects to the environment.\nCamera access is required to use Augmented Reality (AR) and add virtual objects to the environment.\nCamera access is required to use Augmented Reality (AR) and add virtual objects to the environment.";
				INFOPLIST_KEY_UIApplicationSupportsIndirectInputEvents = YES;
				INFOPLIST_KEY_UILaunchScreen_Generation = YES;
				INFOPLIST_KEY_UIRequiresFullScreen = YES;
				INFOPLIST_KEY_UIStatusBarHidden = YES;
				INFOPLIST_KEY_UIStatusBarStyle = "";
				INFOPLIST_KEY_UISupportedInterfaceOrientations_iPad = UIInterfaceOrientationPortrait;
				INFOPLIST_KEY_UISupportedInterfaceOrientations_iPhone = UIInterfaceOrientationPortrait;
				LD_RUNPATH_SEARCH_PATHS = (
					"$(inherited)",
					"@executable_path/Frameworks",
				);
				MARKETING_VERSION = 1.0;
				PRODUCT_BUNDLE_IDENTIFIER = Giovanni.FPSARMini06;
				PRODUCT_NAME = "$(TARGET_NAME)";
				SUPPORTED_PLATFORMS = "iphoneos iphonesimulator";
				SUPPORTS_MACCATALYST = NO;
				SUPPORTS_MAC_DESIGNED_FOR_IPHONE_IPAD = NO;
				SUPPORTS_XR_DESIGNED_FOR_IPHONE_IPAD = NO;
				SWIFT_EMIT_LOC_STRINGS = YES;
				SWIFT_VERSION = 5.0;
				TARGETED_DEVICE_FAMILY = "1,2";
			};
			name = Release;
		};
/* End XCBuildConfiguration section */

/* Begin XCConfigurationList section */
		12B308DE2C5AD8B60005ADE1 /* Build configuration list for PBXNativeTarget "FPSARMini06Tests" */ = {
			isa = XCConfigurationList;
			buildConfigurations = (
				12B308DF2C5AD8B60005ADE1 /* Debug */,
				12B308E02C5AD8B60005ADE1 /* Release */,
			);
			defaultConfigurationIsVisible = 0;
			defaultConfigurationName = Release;
		};
		B8C65F812C4AE1E100D56811 /* Build configuration list for PBXProject "FPSARMini06" */ = {
			isa = XCConfigurationList;
			buildConfigurations = (
				B8C65F922C4AE1E200D56811 /* Debug */,
				B8C65F932C4AE1E200D56811 /* Release */,
			);
			defaultConfigurationIsVisible = 0;
			defaultConfigurationName = Release;
		};
		B8C65F942C4AE1E200D56811 /* Build configuration list for PBXNativeTarget "FPSARMini06" */ = {
			isa = XCConfigurationList;
			buildConfigurations = (
				B8C65F952C4AE1E200D56811 /* Debug */,
				B8C65F962C4AE1E200D56811 /* Release */,
			);
			defaultConfigurationIsVisible = 0;
			defaultConfigurationName = Release;
		};
/* End XCConfigurationList section */
	};
	rootObject = B8C65F7E2C4AE1E100D56811 /* Project object */;
}
